hash: 6e2d3e95e672b7d46f7266477697e44f54f17f909e148be393f5275e66e80fce
updated: 2017-09-26T13:36:31.377513+08:00
imports:
- name: github.com/allegro/bigcache
  version: aa76879d59fa5d93c43680238227dbf7a53f5c28
  subpackages:
  - queue
- name: github.com/coreos/bbolt
  version: 700b8ead147093f33e738a9b6487d1ad9938b1cb
- name: github.com/dmcgowan/go
  version: 5d26f5fd8a4e87c22037b52bf41aad8d69e5f436
  subpackages:
  - codec
- name: github.com/docker/libchan
  version: aea6f64450cfc4145ae3f1a9a821dafd97624f09
  subpackages:
  - spdy
- name: github.com/docker/spdystream
  version: bc6354cbbc295e925e4c611ffe90c1f287ee54db
  subpackages:
  - spdy
- name: github.com/golang/snappy
  version: 553a641470496b2327abcac10b36396bd98e45c9
- name: github.com/graphql-go/graphql
  version: 105a6c24e6fdaf4008e56d947115a1a13dc46430
- name: github.com/matryer/vice
  version: b43d8efdd2a26ca83fec74eaec9273f8c3f06d67
  subpackages:
  - backoff
  - queues/nsq
- name: github.com/nsqio/go-nsq
  version: eee57a3ac4174c55924125bb15eeeda8cffb6e6f
- name: golang.org/x/sys
  version: 429f518978ab01db8bb6f44b66785088e7fba58b
  subpackages:
  - unix
testImports: []
