hash: d1c9078d39330690ecf8b4b1a4620fd1ae89c7f3a377ed0ac3d5311880759696
updated: 2017-09-20T14:17:15.63777774+08:00
imports:
- name: github.com/allegro/bigcache
  version: 62de4dac703d67c7309f0ec1c220371b01ac235b
  subpackages:
  - queue
- name: github.com/coreos/bbolt
  version: 27600282c683d6ff39ddeca352514611c23540e6
- name: github.com/dmcgowan/go
  version: 5d26f5fd8a4e87c22037b52bf41aad8d69e5f436
  subpackages:
  - codec
- name: github.com/docker/libchan
  version: aea6f64450cfc4145ae3f1a9a821dafd97624f09
  subpackages:
  - spdy
- name: github.com/docker/spdystream
  version: bc6354cbbc295e925e4c611ffe90c1f287ee54db
  subpackages:
  - spdy
- name: github.com/matryer/vice
  version: b43d8efdd2a26ca83fec74eaec9273f8c3f06d67
- name: golang.org/x/sys
  version: b6e1ae21643682ce023deb8d152024597b0e9bb4
  subpackages:
  - unix
testImports: []
